hash: 0563fefb2c22e0441ba2df3ae26531e6d99acccdafe14d9e70bd5503004bb6a2
updated: 2018-03-14T16:34:35.649005+01:00
imports:
- name: github.com/beorn7/perks
  version: 4c0e84591b9aa9e6dcfdf3e020114cd81f89d5f9
  subpackages:
  - quantile
- name: github.com/golang/protobuf
  version: bbd03ef6da3a115852eaf24c8a1c46aeb39aa175
  subpackages:
  - jsonpb
  - proto
  - ptypes
  - ptypes/any
  - ptypes/duration
  - ptypes/struct
  - ptypes/timestamp
- name: github.com/gorilla/mux
  version: 53c1911da2b537f792e7cafcb446b05ffe33b996
- name: github.com/grpc-ecosystem/go-grpc-middleware
  version: eb23b08d08bbe930113a6512a7a829050341448c
  subpackages:
  - logging
  - logging/logrus
  - logging/logrus/ctxlogrus
  - tags
  - tags/logrus
  - tracing/opentracing
  - util/metautils
- name: github.com/grpc-ecosystem/go-grpc-prometheus
  version: 6b7015e65d366bf3f19b2b2a000a831940f0f7e0
- name: github.com/jbrukh/bayesian
  version: bf3f261f9a9c61145c60d47665b0518cc32c774f
- name: github.com/matttproud/golang_protobuf_extensions
  version: c12348ce28de40eed0136aa2b644d0ee0650e56c
  subpackages:
  - pbutil
- name: github.com/opentracing/opentracing-go
  version: 1949ddbfd147afd4d964a9f00b24eb291e0e7c38
  subpackages:
  - ext
  - log
- name: github.com/prometheus/client_golang
  version: c3324c1198cf3374996e9d3098edd46a6b55afc9
  subpackages:
  - prometheus
- name: github.com/prometheus/client_model
  version: 99fa1f4be8e564e8a6b613da7fa6f46c9edafc6c
  subpackages:
  - go
- name: github.com/prometheus/common
  version: e4aa40a9169a88835b849a6efb71e05dc04b88f0
  subpackages:
  - expfmt
  - internal/bitbucket.org/ww/goautoneg
  - model
- name: github.com/prometheus/procfs
  version: 54d17b57dd7d4a3aa092476596b3f8a933bde349
  subpackages:
  - internal/util
  - nfs
  - xfs
- name: github.com/sirupsen/logrus
  version: c155da19408a8799da419ed3eeb0cb5db0ad5dbc
- name: github.com/urfave/cli
  version: cfb38830724cc34fedffe9a2a29fb54fa9169cd1
- name: github.com/vastness-io/linguist-svc
  version: 24e7369ec1a84ba35f420e00f7d2f734dee66c35
- name: github.com/vastness-io/toolkit
  version: a25d6ce09da43b9852062215b7cabbfeb35169bb
  subpackages:
  - pkg/grpc
- name: golang.org/x/crypto
  version: c4a91bd4f524f10d064139674cf55852e055ad01
  subpackages:
  - ssh/terminal
- name: golang.org/x/net
  version: 892bf7b0c6e2f93b51166bf3882e50277fa5afc6
  subpackages:
  - context
  - http2
  - http2/hpack
  - idna
  - internal/timeseries
  - lex/httplex
  - trace
- name: golang.org/x/sys
  version: 932fb2287bee613f2a65e71685c9d9c0020da979
  subpackages:
  - unix
  - windows
- name: golang.org/x/text
  version: 6ddec15f6ad41e5f923285a7f51fb026349034d9
  subpackages:
  - secure/bidirule
  - transform
  - unicode/bidi
  - unicode/norm
- name: google.golang.org/genproto
  version: df60624c1e9b9d2973e889c7a1cff73155da81c4
  subpackages:
  - googleapis/rpc/status
- name: google.golang.org/grpc
  version: 8e4536a86ab602859c20df5ebfd0bd4228d08655
  subpackages:
  - balancer
  - balancer/base
  - balancer/roundrobin
  - codes
  - connectivity
  - credentials
  - encoding
  - encoding/proto
  - grpclb/grpc_lb_v1/messages
  - grpclog
  - internal
  - keepalive
  - metadata
  - naming
  - peer
  - resolver
  - resolver/dns
  - resolver/passthrough
  - stats
  - status
  - tap
  - transport
- name: gopkg.in/yaml.v1
  version: 9f9df34309c04878acc86042b16630b0f696e1de
testImports: []
