hash: 858d640d537ae65c2036466d75beef099762bc6378648d012c539853f17bae54
updated: 2018-05-06T18:06:56.338074+02:00
imports:
- name: github.com/beorn7/perks
  version: 3a771d992973f24aa725d07868b467d1ddfceafb
  subpackages:
  - quantile
- name: github.com/golang/protobuf
  version: b4deda0973fb4c70b50d226b1af49f3da59f5265
  subpackages:
  - jsonpb
  - proto
  - ptypes
  - ptypes/any
  - ptypes/duration
  - ptypes/struct
  - ptypes/timestamp
- name: github.com/gorilla/mux
  version: 53c1911da2b537f792e7cafcb446b05ffe33b996
- name: github.com/grpc-ecosystem/go-grpc-middleware
  version: c250d6563d4d4c20252cd865923440e829844f4e
  subpackages:
  - logging
  - logging/logrus
  - logging/logrus/ctxlogrus
  - tags
  - tags/logrus
  - tracing/opentracing
  - util/metautils
- name: github.com/grpc-ecosystem/go-grpc-prometheus
  version: 6b7015e65d366bf3f19b2b2a000a831940f0f7e0
- name: github.com/jbrukh/bayesian
  version: bf3f261f9a9c61145c60d47665b0518cc32c774f
- name: github.com/matttproud/golang_protobuf_extensions
  version: c12348ce28de40eed0136aa2b644d0ee0650e56c
  subpackages:
  - pbutil
- name: github.com/opentracing/opentracing-go
  version: 1949ddbfd147afd4d964a9f00b24eb291e0e7c38
  subpackages:
  - ext
  - log
- name: github.com/prometheus/client_golang
  version: 82f5ff156b29e276022b1a958f7d385870fb9814
  subpackages:
  - prometheus
- name: github.com/prometheus/client_model
  version: 99fa1f4be8e564e8a6b613da7fa6f46c9edafc6c
  subpackages:
  - go
- name: github.com/prometheus/common
  version: d811d2e9bf898806ecfb6ef6296774b13ffc314c
  subpackages:
  - expfmt
  - internal/bitbucket.org/ww/goautoneg
  - model
- name: github.com/prometheus/procfs
  version: 8b1c2da0d56deffdbb9e48d4414b4e674bd8083e
  subpackages:
  - internal/util
  - nfs
  - xfs
- name: github.com/sirupsen/logrus
  version: d682213848ed68c0a260ca37d6dd5ace8423f5ba
- name: github.com/urfave/cli
  version: cfb38830724cc34fedffe9a2a29fb54fa9169cd1
- name: github.com/vastness-io/linguist-svc
  version: 524f22a7314626e515e980753102e0724a90f0ed
- name: github.com/vastness-io/toolkit
  version: ddfe7c027727cb412b3d4e7a1392bd820737bce5
  subpackages:
  - pkg/grpc
- name: golang.org/x/crypto
  version: 4ec37c66abab2c7e02ae775328b2ff001c3f025a
  subpackages:
  - ssh/terminal
- name: golang.org/x/net
  version: 640f4622ab692b87c2f3a94265e6f579fe38263d
  subpackages:
  - context
  - http/httpguts
  - http2
  - http2/hpack
  - idna
  - internal/timeseries
  - lex/httplex
  - trace
- name: golang.org/x/sys
  version: 6f686a352de66814cdd080d970febae7767857a3
  subpackages:
  - unix
  - windows
- name: golang.org/x/text
  version: 7922cc490dd5a7dbaa7fd5d6196b49db59ac042f
  subpackages:
  - secure/bidirule
  - transform
  - unicode/bidi
  - unicode/norm
- name: google.golang.org/genproto
  version: 86e600f69ee4704c6efbf6a2a40a5c10700e76c2
  subpackages:
  - googleapis/rpc/status
- name: google.golang.org/grpc
  version: 6b51017f791ae1cfbec89c52efdf444b13b550ef
  subpackages:
  - balancer
  - balancer/base
  - balancer/roundrobin
  - codes
  - connectivity
  - credentials
  - encoding
  - grpclb/grpc_lb_v1/messages
  - grpclog
  - internal
  - keepalive
  - metadata
  - naming
  - peer
  - resolver
  - resolver/dns
  - resolver/passthrough
  - stats
  - status
  - tap
  - transport
- name: gopkg.in/yaml.v1
  version: 9f9df34309c04878acc86042b16630b0f696e1de
testImports: []
